
Microsoft Visual Studio Solution File, Format Version 10.00
# Visual Studio 2008
Project("{8BC9CEB8-8B4A-11D0-8D11-00A0C91BC942}") = "Volt", "Volt.vcproj", "{7C298C26-C291-471A-BAC8-17562715005A}"
EndProject
Project("{8BC9CEB8-8B4A-11D0-8D11-00A0C91BC942}") = "VoltTest", "VoltTest.vcproj", "{FA3DF59D-8999-4C0F-A3AE-2F5F6B6B44A9}"
	ProjectSection(ProjectDependencies) = postProject
		{7C298C26-C291-471A-BAC8-17562715005A} = {7C298C26-C291-471A-BAC8-17562715005A}
	EndProjectSection
EndProject
Global
	GlobalSection(SolutionConfigurationPlatforms) = preSolution
		Debug|Win32 = Debug|Win32
		Release|Win32 = Release|Win32
	EndGlobalSection
	GlobalSection(ProjectConfigurationPlatforms) = postSolution
		{7C298C26-C291-471A-BAC8-17562715005A}.Debug|Win32.ActiveCfg = Debug|Win32
		{7C298C26-C291-471A-BAC8-17562715005A}.Debug|Win32.Build.0 = Debug|Win32
		{7C298C26-C291-471A-BAC8-17562715005A}.Release|Win32.ActiveCfg = Release|Win32
		{7C298C26-C291-471A-BAC8-17562715005A}.Release|Win32.Build.0 = Release|Win32
		{FA3DF59D-8999-4C0F-A3AE-2F5F6B6B44A9}.Debug|Win32.ActiveCfg = Debug|Win32
		{FA3DF59D-8999-4C0F-A3AE-2F5F6B6B44A9}.Debug|Win32.Build.0 = Debug|Win32
		{FA3DF59D-8999-4C0F-A3AE-2F5F6B6B44A9}.Release|Win32.ActiveCfg = Release|Win32
		{FA3DF59D-8999-4C0F-A3AE-2F5F6B6B44A9}.Release|Win32.Build.0 = Release|Win32
	EndGlobalSection
	GlobalSection(SolutionProperties) = preSolution
		HideSolutionNode = FALSE
	EndGlobalSection
EndGlobal
